schema = "reprobuild.solved-graph-lock.v2"

[lock]
platform = "amd64-linux"
optimal = false
inputs_digest = "fnv1a64:357b90ff1e0851b6"
variants = []
packages = [{ name = "gcc", version = "12.0.0", source = "gcc", selection = "selected" }, { name = "just", version = "1.0.0", source = "just", selection = "selected" }, { name = "nim", version = "2.2.0", source = "nim", selection = "selected" }, { name = "nimble", version = "1.0.0", source = "nimble", selection = "selected" }, { name = "sh", version = "1.0.0", source = "sh", selection = "selected" }, { name = "stackable_hooks", version = "0.1.0", source = "stackable_hooks", selection = "selected" }]
deps = [{ name = "nim-stackable-hooks", path = ".", coord_kind = "vcs", url = "https://github.com/metacraft-labs/nim-stackable-hooks", ref = "agents-to-dev-2026-10-04", revision = "8449b6e564996da665e1e293c8cbd9b02e270550", integrity = "git-sha1:8449b6e564996da665e1e293c8cbd9b02e270550", version = "", visibility = "public", participation = "", depends = "", tags = "" }]
