schema = "reprobuild.solved-graph-lock.v2"

[lock]
platform = "amd64-linux"
optimal = false
inputs_digest = "fnv1a64:dfbfe2dde25bf90b"
variants = []
packages = [{ name = "gcc", version = "12.0.0", source = "gcc", selection = "selected" }, { name = "nim", version = "2.2.0", source = "nim", selection = "selected" }, { name = "stackable_hooks", version = "0.1.0", source = "stackable_hooks", selection = "selected" }]
deps = [{ name = "nim-stackable-hooks", path = ".", coord_kind = "vcs", url = "https://github.com/metacraft-labs/nim-stackable-hooks", ref = "dev", revision = "37234e9f353dd88fcb89e05b69e58d1fce89b6bb", integrity = "git-sha1:37234e9f353dd88fcb89e05b69e58d1fce89b6bb", version = "", visibility = "public", participation = "", depends = "", tags = "" }]
